// !$*UTF8*$!
{
	archiveVersion = 1;
	classes = {
	};
	objectVersion = 52;
	objects = {

/* Begin PBXBuildFile section */
		093D62A426F43C0C009D2801 /* AppDelegate.swift in Sources */ = {isa = PBXBuildFile; fileRef = 093D62A326F43C0C009D2801 /* AppDelegate.swift */; };
		093D62A626F43C0C009D2801 /* SceneDelegate.swift in Sources */ = {isa = PBXBuildFile; fileRef = 093D62A526F43C0C009D2801 /* SceneDelegate.swift */; };
		093D62A826F43C0C009D2801 /* ViewController.swift in Sources */ = {isa = PBXBuildFile; fileRef = 093D62A726F43C0C009D2801 /* ViewController.swift */; };
		093D62AB26F43C0C009D2801 /* Main.storyboard in Resources */ = {isa = PBXBuildFile; fileRef = 093D62A926F43C0C009D2801 /* Main.storyboard */; };
		093D62AD26F43C10009D2801 /* Assets.xcassets in Resources */ = {isa = PBXBuildFile; fileRef = 093D62AC26F43C10009D2801 /* Assets.xcassets */; };
		093D62B026F43C10009D2801 /* LaunchScreen.storyboard in Resources */ = {isa = PBXBuildFile; fileRef = 093D62AE26F43C10009D2801 /* LaunchScreen.storyboard */; };
		093D62BB26F43C11009D2801 /* FlixTests.swift in Sources */ = {isa = PBXBuildFile; fileRef = 093D62BA26F43C11009D2801 /* FlixTests.swift */; };
		093D62C626F43C11009D2801 /* FlixUITests.swift in Sources */ = {isa = PBXBuildFile; fileRef = 093D62C526F43C11009D2801 /* FlixUITests.swift */; };
		093D62D426F4C9A7009D2801 /* MovieCell.swift in Sources */ = {isa = PBXBuildFile; fileRef = 093D62D326F4C9A7009D2801 /* MovieCell.swift */; };
		093D62D726F4CE70009D2801 /* AlamofireImage in Frameworks */ = {isa = PBXBuildFile; productRef = 093D62D626F4CE70009D2801 /* AlamofireImage */; };
		2C15F15CA98C2BD30B43DB79 /* Pods_Flix_FlixUITests.framework in Frameworks */ = {isa = PBXBuildFile; fileRef = 27B7BB2B5FE650F2578F0EAB /* Pods_Flix_FlixUITests.framework */; };
		AC5C3B68FADAB86E99744B2D /* Pods_FlixTests.framework in Frameworks */ = {isa = PBXBuildFile; fileRef = 8E02DBE125CE5193FD452138 /* Pods_FlixTests.framework */; };
		B91E74D51FA37816284C24F0 /* Pods_Flix.framework in Frameworks */ = {isa = PBXBuildFile; fileRef = F9D73691C3A07D3647849D50 /* Pods_Flix.framework */; };
/* End PBXBuildFile section */

/* Begin PBXContainerItemProxy section */
		093D62B726F43C11009D2801 /* PBXContainerItemProxy */ = {
			isa = PBXContainerItemProxy;
			containerPortal = 093D629826F43C0C009D2801 /* Project object */;
			proxyType = 1;
			remoteGlobalIDString = 093D629F26F43C0C009D2801;
			remoteInfo = Flix;
		};
		093D62C226F43C11009D2801 /* PBXContainerItemProxy */ = {
			isa = PBXContainerItemProxy;
			containerPortal = 093D629826F43C0C009D2801 /* Project object */;
			proxyType = 1;
			remoteGlobalIDString = 093D629F26F43C0C009D2801;
			remoteInfo = Flix;
		};
/* End PBXContainerItemProxy section */

/* Begin PBXFileReference section */
		093D62A026F43C0C009D2801 /* Flix.app */ = {isa = PBXFileReference; explicitFileType = wrapper.application; includeInIndex = 0; path = Flix.app; sourceTree = BUILT_PRODUCTS_DIR; };
		093D62A326F43C0C009D2801 /* AppDelegate.swift */ = {isa = PBXFileReference; lastKnownFileType = sourcecode.swift; path = AppDelegate.swift; sourceTree = "<group>"; };
		093D62A526F43C0C009D2801 /* SceneDelegate.swift */ = {isa = PBXFileReference; lastKnownFileType = sourcecode.swift; path = SceneDelegate.swift; sourceTree = "<group>"; };
		093D62A726F43C0C009D2801 /* ViewController.swift */ = {isa = PBXFileReference; lastKnownFileType = sourcecode.swift; path = ViewController.swift; sourceTree = "<group>"; };
		093D62AA26F43C0C009D2801 /* Base */ = {isa = PBXFileReference; lastKnownFileType = file.storyboard; name = Base; path = Base.lproj/Main.storyboard; sourceTree = "<group>"; };
		093D62AC26F43C10009D2801 /* Assets.xcassets */ = {isa = PBXFileReference; lastKnownFileType = folder.assetcatalog; path = Assets.xcassets; sourceTree = "<group>"; };
		093D62AF26F43C10009D2801 /* Base */ = {isa = PBXFileReference; lastKnownFileType = file.storyboard; name = Base; path = Base.lproj/LaunchScreen.storyboard; sourceTree = "<group>"; };
		093D62B126F43C10009D2801 /* Info.plist */ = {isa = PBXFileReference; lastKnownFileType = text.plist.xml; path = Info.plist; sourceTree = "<group>"; };
		093D62B626F43C11009D2801 /* FlixTests.xctest */ = {isa = PBXFileReference; explicitFileType = wrapper.cfbundle; includeInIndex = 0; path = FlixTests.xctest; sourceTree = BUILT_PRODUCTS_DIR; };
		093D62BA26F43C11009D2801 /* FlixTests.swift */ = {isa = PBXFileReference; lastKnownFileType = sourcecode.swift; path = FlixTests.swift; sourceTree = "<group>"; };
		093D62BC26F43C11009D2801 /* Info.plist */ = {isa = PBXFileReference; lastKnownFileType = text.plist.xml; path = Info.plist; sourceTree = "<group>"; };
		093D62C126F43C11009D2801 /* FlixUITests.xctest */ = {isa = PBXFileReference; explicitFileType = wrapper.cfbundle; includeInIndex = 0; path = FlixUITests.xctest; sourceTree = BUILT_PRODUCTS_DIR; };
		093D62C526F43C11009D2801 /* FlixUITests.swift */ = {isa = PBXFileReference; lastKnownFileType = sourcecode.swift; path = FlixUITests.swift; sourceTree = "<group>"; };
		093D62C726F43C11009D2801 /* Info.plist */ = {isa = PBXFileReference; lastKnownFileType = text.plist.xml; path = Info.plist; sourceTree = "<group>"; };
		093D62D326F4C9A7009D2801 /* MovieCell.swift */ = {isa = PBXFileReference; lastKnownFileType = sourcecode.swift; path = MovieCell.swift; sourceTree = "<group>"; };
		27B7BB2B5FE650F2578F0EAB /* Pods_Flix_FlixUITests.framework */ = {isa = PBXFileReference; explicitFileType = wrapper.framework; includeInIndex = 0; path = Pods_Flix_FlixUITests.framework; sourceTree = BUILT_PRODUCTS_DIR; };
		52022B8D47FFEA2742BECAB0 /* Pods-Flix.debug.xcconfig */ = {isa = PBXFileReference; includeInIndex = 1; lastKnownFileType = text.xcconfig; name = "Pods-Flix.debug.xcconfig"; path = "Target Support Files/Pods-Flix/Pods-Flix.debug.xcconfig"; sourceTree = "<group>"; };
		7815E50D9192865C144D308E /* Pods-Flix.release.xcconfig */ = {isa = PBXFileReference; includeInIndex = 1; lastKnownFileType = text.xcconfig; name = "Pods-Flix.release.xcconfig"; path = "Target Support Files/Pods-Flix/Pods-Flix.release.xcconfig"; sourceTree = "<group>"; };
		8201BA004ED132B64736ED4D /* Pods-Flix-FlixUITests.debug.xcconfig */ = {isa = PBXFileReference; includeInIndex = 1; lastKnownFileType = text.xcconfig; name = "Pods-Flix-FlixUITests.debug.xcconfig"; path = "Target Support Files/Pods-Flix-FlixUITests/Pods-Flix-FlixUITests.debug.xcconfig"; sourceTree = "<group>"; };
		8E02DBE125CE5193FD452138 /* Pods_FlixTests.framework */ = {isa = PBXFileReference; explicitFileType = wrapper.framework; includeInIndex = 0; path = Pods_FlixTests.framework; sourceTree = BUILT_PRODUCTS_DIR; };
		9203587EE4D7756C15C05046 /* Pods-FlixTests.debug.xcconfig */ = {isa = PBXFileReference; includeInIndex = 1; lastKnownFileType = text.xcconfig; name = "Pods-FlixTests.debug.xcconfig"; path = "Target Support Files/Pods-FlixTests/Pods-FlixTests.debug.xcconfig"; sourceTree = "<group>"; };
		9DBE869B2827C2CB45B1C599 /* Pods-FlixTests.release.xcconfig */ = {isa = PBXFileReference; includeInIndex = 1; lastKnownFileType = text.xcconfig; name = "Pods-FlixTests.release.xcconfig"; path = "Target Support Files/Pods-FlixTests/Pods-FlixTests.release.xcconfig"; sourceTree = "<group>"; };
		CAFC1F63F3C16549CCC829CC /* Pods-Flix-FlixUITests.release.xcconfig */ = {isa = PBXFileReference; includeInIndex = 1; lastKnownFileType = text.xcconfig; name = "Pods-Flix-FlixUITests.release.xcconfig"; path = "Target Support Files/Pods-Flix-FlixUITests/Pods-Flix-FlixUITests.release.xcconfig"; sourceTree = "<group>"; };
		F9D73691C3A07D3647849D50 /* Pods_Flix.framework */ = {isa = PBXFileReference; explicitFileType = wrapper.framework; includeInIndex = 0; path = Pods_Flix.framework; sourceTree = BUILT_PRODUCTS_DIR; };
/* End PBXFileReference section */

/* Begin PBXFrameworksBuildPhase section */
		093D629D26F43C0C009D2801 /* Frameworks */ = {
			isa = PBXFrameworksBuildPhase;
			buildActionMask = 2147483647;
			files = (
				093D62D726F4CE70009D2801 /* AlamofireImage in Frameworks */,
				B91E74D51FA37816284C24F0 /* Pods_Flix.framework in Frameworks */,
			);
			runOnlyForDeploymentPostprocessing = 0;
		};
		093D62B326F43C11009D2801 /* Frameworks */ = {
			isa = PBXFrameworksBuildPhase;
			buildActionMask = 2147483647;
			files = (
				AC5C3B68FADAB86E99744B2D /* Pods_FlixTests.framework in Frameworks */,
			);
			runOnlyForDeploymentPostprocessing = 0;
		};
		093D62BE26F43C11009D2801 /* Frameworks */ = {
			isa = PBXFrameworksBuildPhase;
			buildActionMask = 2147483647;
			files = (
				2C15F15CA98C2BD30B43DB79 /* Pods_Flix_FlixUITests.framework in Frameworks */,
			);
			runOnlyForDeploymentPostprocessing = 0;
		};
/* End PBXFrameworksBuildPhase section */

/* Begin PBXGroup section */
		093D629726F43C0C009D2801 = {
			isa = PBXGroup;
			children = (
				093D62A226F43C0C009D2801 /* Flix */,
				093D62B926F43C11009D2801 /* FlixTests */,
				093D62C426F43C11009D2801 /* FlixUITests */,
				093D62A126F43C0C009D2801 /* Products */,
				D2CCEC2DA4054E891E6693D7 /* Pods */,
				54C0666B466684E4BE137CC1 /* Frameworks */,
			);
			sourceTree = "<group>";
		};
		093D62A126F43C0C009D2801 /* Products */ = {
			isa = PBXGroup;
			children = (
				093D62A026F43C0C009D2801 /* Flix.app */,
				093D62B626F43C11009D2801 /* FlixTests.xctest */,
				093D62C126F43C11009D2801 /* FlixUITests.xctest */,
			);
			name = Products;
			sourceTree = "<group>";
		};
		093D62A226F43C0C009D2801 /* Flix */ = {
			isa = PBXGroup;
			children = (
				093D62A326F43C0C009D2801 /* AppDelegate.swift */,
				093D62A526F43C0C009D2801 /* SceneDelegate.swift */,
				093D62A726F43C0C009D2801 /* ViewController.swift */,
				093D62A926F43C0C009D2801 /* Main.storyboard */,
				093D62D326F4C9A7009D2801 /* MovieCell.swift */,
				093D62AC26F43C10009D2801 /* Assets.xcassets */,
				093D62AE26F43C10009D2801 /* LaunchScreen.storyboard */,
				093D62B126F43C10009D2801 /* Info.plist */,
			);
			path = Flix;
			sourceTree = "<group>";
		};
		093D62B926F43C11009D2801 /* FlixTests */ = {
			isa = PBXGroup;
			children = (
				093D62BA26F43C11009D2801 /* FlixTests.swift */,
				093D62BC26F43C11009D2801 /* Info.plist */,
			);
			path = FlixTests;
			sourceTree = "<group>";
		};
		093D62C426F43C11009D2801 /* FlixUITests */ = {
			isa = PBXGroup;
			children = (
				093D62C526F43C11009D2801 /* FlixUITests.swift */,
				093D62C726F43C11009D2801 /* Info.plist */,
			);
			path = FlixUITests;
			sourceTree = "<group>";
		};
		54C0666B466684E4BE137CC1 /* Frameworks */ = {
			isa = PBXGroup;
			children = (
				F9D73691C3A07D3647849D50 /* Pods_Flix.framework */,
				27B7BB2B5FE650F2578F0EAB /* Pods_Flix_FlixUITests.framework */,
				8E02DBE125CE5193FD452138 /* Pods_FlixTests.framework */,
			);
			name = Frameworks;
			sourceTree = "<group>";
		};
		D2CCEC2DA4054E891E6693D7 /* Pods */ = {
			isa = PBXGroup;
			children = (
				52022B8D47FFEA2742BECAB0 /* Pods-Flix.debug.xcconfig */,
				7815E50D9192865C144D308E /* Pods-Flix.release.xcconfig */,
				8201BA004ED132B64736ED4D /* Pods-Flix-FlixUITests.debug.xcconfig */,
				CAFC1F63F3C16549CCC829CC /* Pods-Flix-FlixUITests.release.xcconfig */,
				9203587EE4D7756C15C05046 /* Pods-FlixTests.debug.xcconfig */,
				9DBE869B2827C2CB45B1C599 /* Pods-FlixTests.release.xcconfig */,
			);
			name = Pods;
			path = Pods;
			sourceTree = "<group>";
		};
/* End PBXGroup section */

/* Begin PBXNativeTarget section */
		093D629F26F43C0C009D2801 /* Flix */ = {
			isa = PBXNativeTarget;
			buildConfigurationList = 093D62CA26F43C11009D2801 /* Build configuration list for PBXNativeTarget "Flix" */;
			buildPhases = (
				1A5834F85FDE86671ACB4775 /* [CP] Check Pods Manifest.lock */,
				093D629C26F43C0C009D2801 /* Sources */,
				093D629D26F43C0C009D2801 /* Frameworks */,
				093D629E26F43C0C009D2801 /* Resources */,
				6D59CEABABAAADB75C2FC07A /* [CP] Embed Pods Frameworks */,
			);
			buildRules = (
			);
			dependencies = (
			);
			name = Flix;
			packageProductDependencies = (
				093D62D626F4CE70009D2801 /* AlamofireImage */,
			);
			productName = Flix;
			productReference = 093D62A026F43C0C009D2801 /* Flix.app */;
			productType = "com.apple.product-type.application";
		};
		093D62B526F43C11009D2801 /* FlixTests */ = {
			isa = PBXNativeTarget;
			buildConfigurationList = 093D62CD26F43C11009D2801 /* Build configuration list for PBXNativeTarget "FlixTests" */;
			buildPhases = (
				C3195455ABFB991C0D9FEC6C /* [CP] Check Pods Manifest.lock */,
				093D62B226F43C11009D2801 /* Sources */,
				093D62B326F43C11009D2801 /* Frameworks */,
				093D62B426F43C11009D2801 /* Resources */,
			);
			buildRules = (
			);
			dependencies = (
				093D62B826F43C11009D2801 /* PBXTargetDependency */,
			);
			name = FlixTests;
			productName = FlixTests;
			productReference = 093D62B626F43C11009D2801 /* FlixTests.xctest */;
			productType = "com.apple.product-type.bundle.unit-test";
		};
		093D62C026F43C11009D2801 /* FlixUITests */ = {
			isa = PBXNativeTarget;
			buildConfigurationList = 093D62D026F43C11009D2801 /* Build configuration list for PBXNativeTarget "FlixUITests" */;
			buildPhases = (
				6FEEE7024D3B2FFAE8550733 /* [CP] Check Pods Manifest.lock */,
				093D62BD26F43C11009D2801 /* Sources */,
				093D62BE26F43C11009D2801 /* Frameworks */,
				093D62BF26F43C11009D2801 /* Resources */,
				8670C8862AA34A3EF6A63B7D /* [CP] Embed Pods Frameworks */,
			);
			buildRules = (
			);
			dependencies = (
				093D62C326F43C11009D2801 /* PBXTargetDependency */,
			);
			name = FlixUITests;
			productName = FlixUITests;
			productReference = 093D62C126F43C11009D2801 /* FlixUITests.xctest */;
			productType = "com.apple.product-type.bundle.ui-testing";
		};
/* End PBXNativeTarget section */

/* Begin PBXProject section */
		093D629826F43C0C009D2801 /* Project object */ = {
			isa = PBXProject;
			attributes = {
				LastSwiftUpdateCheck = 1250;
				LastUpgradeCheck = 1250;
				TargetAttributes = {
					093D629F26F43C0C009D2801 = {
						CreatedOnToolsVersion = 12.5.1;
					};
					093D62B526F43C11009D2801 = {
						CreatedOnToolsVersion = 12.5.1;
						TestTargetID = 093D629F26F43C0C009D2801;
					};
					093D62C026F43C11009D2801 = {
						CreatedOnToolsVersion = 12.5.1;
						TestTargetID = 093D629F26F43C0C009D2801;
					};
				};
			};
			buildConfigurationList = 093D629B26F43C0C009D2801 /* Build configuration list for PBXProject "Flix" */;
			compatibilityVersion = "Xcode 9.3";
			developmentRegion = en;
			hasScannedForEncodings = 0;
			knownRegions = (
				en,
				Base,
			);
			mainGroup = 093D629726F43C0C009D2801;
			packageReferences = (
				093D62D526F4CE70009D2801 /* XCRemoteSwiftPackageReference "AlamofireImage.git" */,
			);
			productRefGroup = 093D62A126F43C0C009D2801 /* Products */;
			projectDirPath = "";
			projectRoot = "";
			targets = (
				093D629F26F43C0C009D2801 /* Flix */,
				093D62B526F43C11009D2801 /* FlixTests */,
				093D62C026F43C11009D2801 /* FlixUITests */,
			);
		};
/* End PBXProject section */

/* Begin PBXResourcesBuildPhase section */
		093D629E26F43C0C009D2801 /* Resources */ = {
			isa = PBXResourcesBuildPhase;
			buildActionMask = 2147483647;
			files = (
				093D62B026F43C10009D2801 /* LaunchScreen.storyboard in Resources */,
				093D62AD26F43C10009D2801 /* Assets.xcassets in Resources */,
				093D62AB26F43C0C009D2801 /* Main.storyboard in Resources */,
			);
			runOnlyForDeploymentPostprocessing = 0;
		};
		093D62B426F43C11009D2801 /* Resources */ = {
			isa = PBXResourcesBuildPhase;
			buildActionMask = 2147483647;
			files = (
			);
			runOnlyForDeploymentPostprocessing = 0;
		};
		093D62BF26F43C11009D2801 /* Resources */ = {
			isa = PBXResourcesBuildPhase;
			buildActionMask = 2147483647;
			files = (
			);
			runOnlyForDeploymentPostprocessing = 0;
		};
/* End PBXResourcesBuildPhase section */

/* Begin PBXShellScriptBuildPhase section */
		1A5834F85FDE86671ACB4775 /* [CP] Check Pods Manifest.lock */ = {
			isa = PBXShellScriptBuildPhase;
			buildActionMask = 2147483647;
			files = (
			);
			inputFileListPaths = (
			);
			inputPaths = (
				"${PODS_PODFILE_DIR_PATH}/Podfile.lock",
				"${PODS_ROOT}/Manifest.lock",
			);
			name = "[CP] Check Pods Manifest.lock";
			outputFileListPaths = (
			);
			outputPaths = (
				"$(DERIVED_FILE_DIR)/Pods-Flix-checkManifestLockResult.txt",
			);
			runOnlyForDeploymentPostprocessing = 0;
			shellPath = /bin/sh;
			shellScript = "diff \"${PODS_PODFILE_DIR_PATH}/Podfile.lock\" \"${PODS_ROOT}/Manifest.lock\" > /dev/null\nif [ $? != 0 ] ; then\n    # print error to STDERR\n    echo \"error: The sandbox is not in sync with the Podfile.lock. Run 'pod install' or update your CocoaPods installation.\" >&2\n    exit 1\nfi\n# This output is used by Xcode 'outputs' to avoid re-running this script phase.\necho \"SUCCESS\" > \"${SCRIPT_OUTPUT_FILE_0}\"\n";
			showEnvVarsInLog = 0;
		};
		6D59CEABABAAADB75C2FC07A /* [CP] Embed Pods Frameworks */ = {
			isa = PBXShellScriptBuildPhase;
			buildActionMask = 2147483647;
			files = (
			);
			inputFileListPaths = (
				"${PODS_ROOT}/Target Support Files/Pods-Flix/Pods-Flix-frameworks-${CONFIGURATION}-input-files.xcfilelist",
			);
			name = "[CP] Embed Pods Frameworks";
			outputFileListPaths = (
				"${PODS_ROOT}/Target Support Files/Pods-Flix/Pods-Flix-frameworks-${CONFIGURATION}-output-files.xcfilelist",
			);
			runOnlyForDeploymentPostprocessing = 0;
			shellPath = /bin/sh;
			shellScript = "\"${PODS_ROOT}/Target Support Files/Pods-Flix/Pods-Flix-frameworks.sh\"\n";
			showEnvVarsInLog = 0;
		};
		6FEEE7024D3B2FFAE8550733 /* [CP] Check Pods Manifest.lock */ = {
			isa = PBXShellScriptBuildPhase;
			buildActionMask = 2147483647;
			files = (
			);
			inputFileListPaths = (
			);
			inputPaths = (
				"${PODS_PODFILE_DIR_PATH}/Podfile.lock",
				"${PODS_ROOT}/Manifest.lock",
			);
			name = "[CP] Check Pods Manifest.lock";
			outputFileListPaths = (
			);
			outputPaths = (
				"$(DERIVED_FILE_DIR)/Pods-Flix-FlixUITests-checkManifestLockResult.txt",
			);
			runOnlyForDeploymentPostprocessing = 0;
			shellPath = /bin/sh;
			shellScript = "diff \"${PODS_PODFILE_DIR_PATH}/Podfile.lock\" \"${PODS_ROOT}/Manifest.lock\" > /dev/null\nif [ $? != 0 ] ; then\n    # print error to STDERR\n    echo \"error: The sandbox is not in sync with the Podfile.lock. Run 'pod install' or update your CocoaPods installation.\" >&2\n    exit 1\nfi\n# This output is used by Xcode 'outputs' to avoid re-running this script phase.\necho \"SUCCESS\" > \"${SCRIPT_OUTPUT_FILE_0}\"\n";
			showEnvVarsInLog = 0;
		};
		8670C8862AA34A3EF6A63B7D /* [CP] Embed Pods Frameworks */ = {
			isa = PBXShellScriptBuildPhase;
			buildActionMask = 2147483647;
			files = (
			);
			inputFileListPaths = (
				"${PODS_ROOT}/Target Support Files/Pods-Flix-FlixUITests/Pods-Flix-FlixUITests-frameworks-${CONFIGURATION}-input-files.xcfilelist",
			);
			name = "[CP] Embed Pods Frameworks";
			outputFileListPaths = (
				"${PODS_ROOT}/Target Support Files/Pods-Flix-FlixUITests/Pods-Flix-FlixUITests-frameworks-${CONFIGURATION}-output-files.xcfilelist",
			);
			runOnlyForDeploymentPostprocessing = 0;
			shellPath = /bin/sh;
			shellScript = "\"${PODS_ROOT}/Target Support Files/Pods-Flix-FlixUITests/Pods-Flix-FlixUITests-frameworks.sh\"\n";
			showEnvVarsInLog = 0;
		};
		C3195455ABFB991C0D9FEC6C /* [CP] Check Pods Manifest.lock */ = {
			isa = PBXShellScriptBuildPhase;
			buildActionMask = 2147483647;
			files = (
			);
			inputFileListPaths = (
			);
			inputPaths = (
				"${PODS_PODFILE_DIR_PATH}/Podfile.lock",
				"${PODS_ROOT}/Manifest.lock",
			);
			name = "[CP] Check Pods Manifest.lock";
			outputFileListPaths = (
			);
			outputPaths = (
				"$(DERIVED_FILE_DIR)/Pods-FlixTests-checkManifestLockResult.txt",
			);
			runOnlyForDeploymentPostprocessing = 0;
			shellPath = /bin/sh;
			shellScript = "diff \"${PODS_PODFILE_DIR_PATH}/Podfile.lock\" \"${PODS_ROOT}/Manifest.lock\" > /dev/null\nif [ $? != 0 ] ; then\n    # print error to STDERR\n    echo \"error: The sandbox is not in sync with the Podfile.lock. Run 'pod install' or update your CocoaPods installation.\" >&2\n    exit 1\nfi\n# This output is used by Xcode 'outputs' to avoid re-running this script phase.\necho \"SUCCESS\" > \"${SCRIPT_OUTPUT_FILE_0}\"\n";
			showEnvVarsInLog = 0;
		};
/* End PBXShellScriptBuildPhase section */

/* Begin PBXSourcesBuildPhase section */
		093D629C26F43C0C009D2801 /* Sources */ = {
			isa = PBXSourcesBuildPhase;
			buildActionMask = 2147483647;
			files = (
				093D62A826F43C0C009D2801 /* ViewController.swift in Sources */,
				093D62A426F43C0C009D2801 /* AppDelegate.swift in Sources */,
				093D62D426F4C9A7009D2801 /* MovieCell.swift in Sources */,
				093D62A626F43C0C009D2801 /* SceneDelegate.swift in Sources */,
			);
			runOnlyForDeploymentPostprocessing = 0;
		};
		093D62B226F43C11009D2801 /* Sources */ = {
			isa = PBXSourcesBuildPhase;
			buildActionMask = 2147483647;
			files = (
				093D62BB26F43C11009D2801 /* FlixTests.swift in Sources */,
			);
			runOnlyForDeploymentPostprocessing = 0;
		};
		093D62BD26F43C11009D2801 /* Sources */ = {
			isa = PBXSourcesBuildPhase;
			buildActionMask = 2147483647;
			files = (
				093D62C626F43C11009D2801 /* FlixUITests.swift in Sources */,
			);
			runOnlyForDeploymentPostprocessing = 0;
		};
/* End PBXSourcesBuildPhase section */

/* Begin PBXTargetDependency section */
		093D62B826F43C11009D2801 /* PBXTargetDependency */ = {
			isa = PBXTargetDependency;
			target = 093D629F26F43C0C009D2801 /* Flix */;
			targetProxy = 093D62B726F43C11009D2801 /* PBXContainerItemProxy */;
		};
		093D62C326F43C11009D2801 /* PBXTargetDependency */ = {
			isa = PBXTargetDependency;
			target = 093D629F26F43C0C009D2801 /* Flix */;
			targetProxy = 093D62C226F43C11009D2801 /* PBXContainerItemProxy */;
		};
/* End PBXTargetDependency section */

/* Begin PBXVariantGroup section */
		093D62A926F43C0C009D2801 /* Main.storyboard */ = {
			isa = PBXVariantGroup;
			children = (
				093D62AA26F43C0C009D2801 /* Base */,
			);
			name = Main.storyboard;
			sourceTree = "<group>";
		};
		093D62AE26F43C10009D2801 /* LaunchScreen.storyboard */ = {
			isa = PBXVariantGroup;
			children = (
				093D62AF26F43C10009D2801 /* Base */,
			);
			name = LaunchScreen.storyboard;
			sourceTree = "<group>";
		};
/* End PBXVariantGroup section */

/* Begin XCBuildConfiguration section */
		093D62C826F43C11009D2801 /* Debug */ = {
			isa = XCBuildConfiguration;
			buildSettings = {
				ALWAYS_SEARCH_USER_PATHS = NO;
				CLANG_ANALYZER_NONNULL = YES;
				CLANG_ANALYZER_NUMBER_OBJECT_CONVERSION = YES_AGGRESSIVE;
				CLANG_CXX_LANGUAGE_STANDARD = "gnu++14";
				CLANG_CXX_LIBRARY = "libc++";
				CLANG_ENABLE_MODULES = YES;
				CLANG_ENABLE_OBJC_ARC = YES;
				CLANG_ENABLE_OBJC_WEAK = YES;
				CLANG_WARN_BLOCK_CAPTURE_AUTORELEASING = YES;
				CLANG_WARN_BOOL_CONVERSION = YES;
				CLANG_WARN_COMMA = YES;
				CLANG_WARN_CONSTANT_CONVERSION = YES;
				CLANG_WARN_DEPRECATED_OBJC_IMPLEMENTATIONS = YES;
				CLANG_WARN_DIRECT_OBJC_ISA_USAGE = YES_ERROR;
				CLANG_WARN_DOCUMENTATION_COMMENTS = YES;
				CLANG_WARN_EMPTY_BODY = YES;
				CLANG_WARN_ENUM_CONVERSION = YES;
				CLANG_WARN_INFINITE_RECURSION = YES;
				CLANG_WARN_INT_CONVERSION = YES;
				CLANG_WARN_NON_LITERAL_NULL_CONVERSION = YES;
				CLANG_WARN_OBJC_IMPLICIT_RETAIN_SELF = YES;
				CLANG_WARN_OBJC_LITERAL_CONVERSION = YES;
				CLANG_WARN_OBJC_ROOT_CLASS = YES_ERROR;
				CLANG_WARN_QUOTED_INCLUDE_IN_FRAMEWORK_HEADER = YES;
				CLANG_WARN_RANGE_LOOP_ANALYSIS = YES;
				CLANG_WARN_STRICT_PROTOTYPES = YES;
				CLANG_WARN_SUSPICIOUS_MOVE = YES;
				CLANG_WARN_UNGUARDED_AVAILABILITY = YES_AGGRESSIVE;
				CLANG_WARN_UNREACHABLE_CODE = YES;
				CLANG_WARN__DUPLICATE_METHOD_MATCH = YES;
				COPY_PHASE_STRIP = NO;
				DEBUG_INFORMATION_FORMAT = dwarf;
				ENABLE_STRICT_OBJC_MSGSEND = YES;
				ENABLE_TESTABILITY = YES;
				GCC_C_LANGUAGE_STANDARD = gnu11;
				GCC_DYNAMIC_NO_PIC = NO;
				GCC_NO_COMMON_BLOCKS = YES;
				GCC_OPTIMIZATION_LEVEL = 0;
				GCC_PREPROCESSOR_DEFINITIONS = (
					"DEBUG=1",
					"$(inherited)",
				);
				GCC_WARN_64_TO_32_BIT_CONVERSION = YES;
				GCC_WARN_ABOUT_RETURN_TYPE = YES_ERROR;
				GCC_WARN_UNDECLARED_SELECTOR = YES;
				GCC_WARN_UNINITIALIZED_AUTOS = YES_AGGRESSIVE;
				GCC_WARN_UNUSED_FUNCTION = YES;
				GCC_WARN_UNUSED_VARIABLE = YES;
				IPHONEOS_DEPLOYMENT_TARGET = 14.5;
				MTL_ENABLE_DEBUG_INFO = INCLUDE_SOURCE;
				MTL_FAST_MATH = YES;
				ONLY_ACTIVE_ARCH = YES;
				SDKROOT = iphoneos;
				SWIFT_ACTIVE_COMPILATION_CONDITIONS = DEBUG;
				SWIFT_OPTIMIZATION_LEVEL = "-Onone";
			};
			name = Debug;
		};
		093D62C926F43C11009D2801 /* Release */ = {
			isa = XCBuildConfiguration;
			buildSettings = {
				ALWAYS_SEARCH_USER_PATHS = NO;
				CLANG_ANALYZER_NONNULL = YES;
				CLANG_ANALYZER_NUMBER_OBJECT_CONVERSION = YES_AGGRESSIVE;
				CLANG_CXX_LANGUAGE_STANDARD = "gnu++14";
				CLANG_CXX_LIBRARY = "libc++";
				CLANG_ENABLE_MODULES = YES;
				CLANG_ENABLE_OBJC_ARC = YES;
				CLANG_ENABLE_OBJC_WEAK = YES;
				CLANG_WARN_BLOCK_CAPTURE_AUTORELEASING = YES;
				CLANG_WARN_BOOL_CONVERSION = YES;
				CLANG_WARN_COMMA = YES;
				CLANG_WARN_CONSTANT_CONVERSION = YES;
				CLANG_WARN_DEPRECATED_OBJC_IMPLEMENTATIONS = YES;
				CLANG_WARN_DIRECT_OBJC_ISA_USAGE = YES_ERROR;
				CLANG_WARN_DOCUMENTATION_COMMENTS = YES;
				CLANG_WARN_EMPTY_BODY = YES;
				CLANG_WARN_ENUM_CONVERSION = YES;
				CLANG_WARN_INFINITE_RECURSION = YES;
				CLANG_WARN_INT_CONVERSION = YES;
				CLANG_WARN_NON_LITERAL_NULL_CONVERSION = YES;
				CLANG_WARN_OBJC_IMPLICIT_RETAIN_SELF = YES;
				CLANG_WARN_OBJC_LITERAL_CONVERSION = YES;
				CLANG_WARN_OBJC_ROOT_CLASS = YES_ERROR;
				CLANG_WARN_QUOTED_INCLUDE_IN_FRAMEWORK_HEADER = YES;
				CLANG_WARN_RANGE_LOOP_ANALYSIS = YES;
				CLANG_WARN_STRICT_PROTOTYPES = YES;
				CLANG_WARN_SUSPICIOUS_MOVE = YES;
				CLANG_WARN_UNGUARDED_AVAILABILITY = YES_AGGRESSIVE;
				CLANG_WARN_UNREACHABLE_CODE = YES;
				CLANG_WARN__DUPLICATE_METHOD_MATCH = YES;
				COPY_PHASE_STRIP = NO;
				DEBUG_INFORMATION_FORMAT = "dwarf-with-dsym";
				ENABLE_NS_ASSERTIONS = NO;
				ENABLE_STRICT_OBJC_MSGSEND = YES;
				GCC_C_LANGUAGE_STANDARD = gnu11;
				GCC_NO_COMMON_BLOCKS = YES;
				GCC_WARN_64_TO_32_BIT_CONVERSION = YES;
				GCC_WARN_ABOUT_RETURN_TYPE = YES_ERROR;
				GCC_WARN_UNDECLARED_SELECTOR = YES;
				GCC_WARN_UNINITIALIZED_AUTOS = YES_AGGRESSIVE;
				GCC_WARN_UNUSED_FUNCTION = YES;
				GCC_WARN_UNUSED_VARIABLE = YES;
				IPHONEOS_DEPLOYMENT_TARGET = 14.5;
				MTL_ENABLE_DEBUG_INFO = NO;
				MTL_FAST_MATH = YES;
				SDKROOT = iphoneos;
				SWIFT_COMPILATION_MODE = wholemodule;
				SWIFT_OPTIMIZATION_LEVEL = "-O";
				VALIDATE_PRODUCT = YES;
			};
			name = Release;
		};
		093D62CB26F43C11009D2801 /* Debug */ = {
			isa = XCBuildConfiguration;
			baseConfigurationReference = 52022B8D47FFEA2742BECAB0 /* Pods-Flix.debug.xcconfig */;
			buildSettings = {
				ASSETCATALOG_COMPILER_APPICON_NAME = AppIcon;
				ASSETCATALOG_COMPILER_GLOBAL_ACCENT_COLOR_NAME = AccentColor;
				CODE_SIGN_STYLE = Automatic;
				INFOPLIST_FILE = Flix/Info.plist;
				LD_RUNPATH_SEARCH_PATHS = (
					"$(inherited)",
					"@executable_path/Frameworks",
				);
				PRODUCT_BUNDLE_IDENTIFIER = Andrew.Flix;
				PRODUCT_NAME = "$(TARGET_NAME)";
				SWIFT_VERSION = 5.0;
				TARGETED_DEVICE_FAMILY = "1,2";
			};
			name = Debug;
		};
		093D62CC26F43C11009D2801 /* Release */ = {
			isa = XCBuildConfiguration;
			baseConfigurationReference = 7815E50D9192865C144D308E /* Pods-Flix.release.xcconfig */;
			buildSettings = {
				ASSETCATALOG_COMPILER_APPICON_NAME = AppIcon;
				ASSETCATALOG_COMPILER_GLOBAL_ACCENT_COLOR_NAME = AccentColor;
				CODE_SIGN_STYLE = Automatic;
				INFOPLIST_FILE = Flix/Info.plist;
				LD_RUNPATH_SEARCH_PATHS = (
					"$(inherited)",
					"@executable_path/Frameworks",
				);
				PRODUCT_BUNDLE_IDENTIFIER = Andrew.Flix;
				PRODUCT_NAME = "$(TARGET_NAME)";
				SWIFT_VERSION = 5.0;
				TARGETED_DEVICE_FAMILY = "1,2";
			};
			name = Release;
		};
		093D62CE26F43C11009D2801 /* Debug */ = {
			isa = XCBuildConfiguration;
			baseConfigurationReference = 9203587EE4D7756C15C05046 /* Pods-FlixTests.debug.xcconfig */;
			buildSettings = {
				ALWAYS_EMBED_SWIFT_STANDARD_LIBRARIES = YES;
				BUNDLE_LOADER = "$(TEST_HOST)";
				CODE_SIGN_STYLE = Automatic;
				INFOPLIST_FILE = FlixTests/Info.plist;
				IPHONEOS_DEPLOYMENT_TARGET = 14.5;
				LD_RUNPATH_SEARCH_PATHS = (
					"$(inherited)",
					"@executable_path/Frameworks",
					"@loader_path/Frameworks",
				);
				PRODUCT_BUNDLE_IDENTIFIER = Andrew.FlixTests;
				PRODUCT_NAME = "$(TARGET_NAME)";
				SWIFT_VERSION = 5.0;
				TARGETED_DEVICE_FAMILY = "1,2";
				TEST_HOST = "$(BUILT_PRODUCTS_DIR)/Flix.app/Flix";
			};
			name = Debug;
		};
		093D62CF26F43C11009D2801 /* Release */ = {
			isa = XCBuildConfiguration;
			baseConfigurationReference = 9DBE869B2827C2CB45B1C599 /* Pods-FlixTests.release.xcconfig */;
			buildSettings = {
				ALWAYS_EMBED_SWIFT_STANDARD_LIBRARIES = YES;
				BUNDLE_LOADER = "$(TEST_HOST)";
				CODE_SIGN_STYLE = Automatic;
				INFOPLIST_FILE = FlixTests/Info.plist;
				IPHONEOS_DEPLOYMENT_TARGET = 14.5;
				LD_RUNPATH_SEARCH_PATHS = (
					"$(inherited)",
					"@executable_path/Frameworks",
					"@loader_path/Frameworks",
				);
				PRODUCT_BUNDLE_IDENTIFIER = Andrew.FlixTests;
				PRODUCT_NAME = "$(TARGET_NAME)";
				SWIFT_VERSION = 5.0;
				TARGETED_DEVICE_FAMILY = "1,2";
				TEST_HOST = "$(BUILT_PRODUCTS_DIR)/Flix.app/Flix";
			};
			name = Release;
		};
		093D62D126F43C11009D2801 /* Debug */ = {
			isa = XCBuildConfiguration;
			baseConfigurationReference = 8201BA004ED132B64736ED4D /* Pods-Flix-FlixUITests.debug.xcconfig */;
			buildSettings = {
				ALWAYS_EMBED_SWIFT_STANDARD_LIBRARIES = YES;
				CODE_SIGN_STYLE = Automatic;
				INFOPLIST_FILE = FlixUITests/Info.plist;
				LD_RUNPATH_SEARCH_PATHS = (
					"$(inherited)",
					"@executable_path/Frameworks",
					"@loader_path/Frameworks",
				);
				PRODUCT_BUNDLE_IDENTIFIER = Andrew.FlixUITests;
				PRODUCT_NAME = "$(TARGET_NAME)";
				SWIFT_VERSION = 5.0;
				TARGETED_DEVICE_FAMILY = "1,2";
				TEST_TARGET_NAME = Flix;
			};
			name = Debug;
		};
		093D62D226F43C11009D2801 /* Release */ = {
			isa = XCBuildConfiguration;
			baseConfigurationReference = CAFC1F63F3C16549CCC829CC /* Pods-Flix-FlixUITests.release.xcconfig */;
			buildSettings = {
				ALWAYS_EMBED_SWIFT_STANDARD_LIBRARIES = YES;
				CODE_SIGN_STYLE = Automatic;
				INFOPLIST_FILE = FlixUITests/Info.plist;
				LD_RUNPATH_SEARCH_PATHS = (
					"$(inherited)",
					"@executable_path/Frameworks",
					"@loader_path/Frameworks",
				);
				PRODUCT_BUNDLE_IDENTIFIER = Andrew.FlixUITests;
				PRODUCT_NAME = "$(TARGET_NAME)";
				SWIFT_VERSION = 5.0;
				TARGETED_DEVICE_FAMILY = "1,2";
				TEST_TARGET_NAME = Flix;
			};
			name = Release;
		};
/* End XCBuildConfiguration section */

/* Begin XCConfigurationList section */
		093D629B26F43C0C009D2801 /* Build configuration list for PBXProject "Flix" */ = {
			isa = XCConfigurationList;
			buildConfigurations = (
				093D62C826F43C11009D2801 /* Debug */,
				093D62C926F43C11009D2801 /* Release */,
			);
			defaultConfigurationIsVisible = 0;
			defaultConfigurationName = Release;
		};
		093D62CA26F43C11009D2801 /* Build configuration list for PBXNativeTarget "Flix" */ = {
			isa = XCConfigurationList;
			buildConfigurations = (
				093D62CB26F43C11009D2801 /* Debug */,
				093D62CC26F43C11009D2801 /* Release */,
			);
			defaultConfigurationIsVisible = 0;
			defaultConfigurationName = Release;
		};
		093D62CD26F43C11009D2801 /* Build configuration list for PBXNativeTarget "FlixTests" */ = {
			isa = XCConfigurationList;
			buildConfigurations = (
				093D62CE26F43C11009D2801 /* Debug */,
				093D62CF26F43C11009D2801 /* Release */,
			);
			defaultConfigurationIsVisible = 0;
			defaultConfigurationName = Release;
		};
		093D62D026F43C11009D2801 /* Build configuration list for PBXNativeTarget "FlixUITests" */ = {
			isa = XCConfigurationList;
			buildConfigurations = (
				093D62D126F43C11009D2801 /* Debug */,
				093D62D226F43C11009D2801 /* Release */,
			);
			defaultConfigurationIsVisible = 0;
			defaultConfigurationName = Release;
		};
/* End XCConfigurationList section */

/* Begin XCRemoteSwiftPackageReference section */
		093D62D526F4CE70009D2801 /* XCRemoteSwiftPackageReference "AlamofireImage.git" */ = {
			isa = XCRemoteSwiftPackageReference;
			repositoryURL = "https://github.com/Alamofire/AlamofireImage.git";
			requirement = {
				kind = upToNextMajorVersion;
				minimumVersion = 4.2.0;
			};
		};
/* End XCRemoteSwiftPackageReference section */

/* Begin XCSwiftPackageProductDependency section */
		093D62D626F4CE70009D2801 /* AlamofireImage */ = {
			isa = XCSwiftPackageProductDependency;
			package = 093D62D526F4CE70009D2801 /* XCRemoteSwiftPackageReference "AlamofireImage.git" */;
			productName = AlamofireImage;
		};
/* End XCSwiftPackageProductDependency section */
	};
	rootObject = 093D629826F43C0C009D2801 /* Project object */;
}
